
Microsoft Visual Studio Solution File, Format Version 12.00
# Visual Studio Version 17
VisualStudioVersion = 17.3.32804.467
MinimumVisualStudioVersion = 10.0.40219.1
Project("{FAE04EC0-301F-11D3-BF4B-00C04F79EFBC}") = "PizzaSite", "PizzaSite\PizzaSite.csproj", "{EA479693-1B58-43E3-B8BC-61AEFF6DEA12}"
EndProject
Global
	GlobalSection(SolutionConfigurationPlatforms) = preSolution
		Debug|Any CPU = Debug|Any CPU
		Release|Any CPU = Release|Any CPU
	EndGlobalSection
	GlobalSection(ProjectConfigurationPlatforms) = postSolution
		{EA479693-1B58-43E3-B8BC-61AEFF6DEA12}.Debug|Any CPU.ActiveCfg = Debug|Any CPU
		{EA479693-1B58-43E3-B8BC-61AEFF6DEA12}.Debug|Any CPU.Build.0 = Debug|Any CPU
		{EA479693-1B58-43E3-B8BC-61AEFF6DEA12}.Release|Any CPU.ActiveCfg = Release|Any CPU
		{EA479693-1B58-43E3-B8BC-61AEFF6DEA12}.Release|Any CPU.Build.0 = Release|Any CPU
	EndGlobalSection
	GlobalSection(SolutionProperties) = preSolution
		HideSolutionNode = FALSE
	EndGlobalSection
	GlobalSection(ExtensibilityGlobals) = postSolution
		SolutionGuid = {471C78B1-D1DC-46FA-8250-A29FCC2D64D5}
	EndGlobalSection
EndGlobal
